
Microsoft Visual Studio Solution File, Format Version 10.00
# Visual Studio 2008
Project("{FAE04EC0-301F-11D3-BF4B-00C04F79EFBC}") = "ScheduMail.Migrations", "ScheduMail.Migrations\ScheduMail.Migrations.csproj", "{DA70C778-36AC-4EDA-9C4D-E7E7B9256F10}"
EndProject
Project("{FAE04EC0-301F-11D3-BF4B-00C04F79EFBC}") = "ScheduMail.Specifications", "ScheduMail.Specifications\ScheduMail.Specifications.csproj", "{E46B532A-79AD-4421-8274-BAA798F8C5B3}"
EndProject
Project("{FAE04EC0-301F-11D3-BF4B-00C04F79EFBC}") = "ScheduMail", "ScheduMail\ScheduMail.csproj", "{6438C5F2-9DC2-43B4-8FCB-A0D528FF54D2}"
EndProject
Project("{FAE04EC0-301F-11D3-BF4B-00C04F79EFBC}") = "ScheduMail.Web", "ScheduMail.Web\ScheduMail.Web.csproj", "{EFA692DD-D56F-4D85-95C7-7AD368AAF36A}"
EndProject
Project("{FAE04EC0-301F-11D3-BF4B-00C04F79EFBC}") = "OpenRasta.Codecs.Spark", "OpenRasta.Codecs.Spark\OpenRasta.Codecs.Spark.csproj", "{E975B88A-90AB-4392-882E-E2C17486C651}"
EndProject
Project("{FAE04EC0-301F-11D3-BF4B-00C04F79EFBC}") = "ScheduMail.WebMvc2", "ScheduMail.WebMvc2\ScheduMail.WebMvc2.csproj", "{7D927124-2593-4631-B839-3ACC25F6044B}"
EndProject
Project("{FAE04EC0-301F-11D3-BF4B-00C04F79EFBC}") = "ScheduMail.Core", "ScheduMail.Core\ScheduMail.Core.csproj", "{FCD5706E-40A6-43A8-817E-8AFEBB1400FF}"
EndProject
Project("{FAE04EC0-301F-11D3-BF4B-00C04F79EFBC}") = "ScheduMail.DBModel", "ScheduMail.DBModel\ScheduMail.DBModel.csproj", "{021B9D0C-8E70-4B4E-BFD1-2301450355B9}"
EndProject
Project("{2150E333-8FDC-42A3-9474-1A3956D46DE8}") = "Docs", "Docs", "{22A83EF1-DEA0-4B10-B39A-5839F1CF6A2B}"
	ProjectSection(SolutionItems) = preProject
		..\doc\scedumail.eap = ..\doc\scedumail.eap
	EndProjectSection
EndProject
Project("{FAE04EC0-301F-11D3-BF4B-00C04F79EFBC}") = "ScheduMail.CoreTest", "ScheduMail.CoreTest\ScheduMail.CoreTest.csproj", "{FB30D273-5F6B-48C3-9764-3A97B34BA34A}"
EndProject
Project("{FAE04EC0-301F-11D3-BF4B-00C04F79EFBC}") = "ScheduMail.WebMvc2Test", "ScheduMail.WebMvc2Test\ScheduMail.WebMvc2Test.csproj", "{C4E97A27-F576-4C84-98FE-AE146A5405D5}"
EndProject
Project("{FAE04EC0-301F-11D3-BF4B-00C04F79EFBC}") = "ScheduMail.EFDalTest", "ScheduMail.EFDalTest\ScheduMail.EFDalTest.csproj", "{A8DF95C9-09CE-440F-87D0-7CDF6E85D7C5}"
EndProject
Project("{FAE04EC0-301F-11D3-BF4B-00C04F79EFBC}") = "ScheduMail.EFDal", "ScheduMail.EFDal\ScheduMail.EFDal.csproj", "{FEB0E972-67DA-4BCE-8595-0E8F20F794B5}"
EndProject
Project("{FAE04EC0-301F-11D3-BF4B-00C04F79EFBC}") = "ScheduMail.WebTest", "ScheduMail.WebTest\ScheduMail.WebTest.csproj", "{A8AB828C-6799-48A3-AD44-C5EB89825903}"
EndProject
Project("{2150E333-8FDC-42A3-9474-1A3956D46DE8}") = "ExternalTools", "ExternalTools", "{D77A700B-7852-4704-A133-2FB33BD4339A}"
EndProject
Project("{FAE04EC0-301F-11D3-BF4B-00C04F79EFBC}") = "ScheduMail.Utils", "ScheduMail.Utils\ScheduMail.Utils.csproj", "{50E8AC2D-F488-463F-A692-9FC8EA9FEE49}"
EndProject
Project("{FAE04EC0-301F-11D3-BF4B-00C04F79EFBC}") = "ScheduMail.UtilsTest", "ScheduMail.UtilsTest\ScheduMail.UtilsTest.csproj", "{A44175BB-9748-4483-8CEF-1F92472AAD55}"
EndProject
Global
	GlobalSection(SolutionConfigurationPlatforms) = preSolution
		Debug|Any CPU = Debug|Any CPU
		Release|Any CPU = Release|Any CPU
	EndGlobalSection
	GlobalSection(ProjectConfigurationPlatforms) = postSolution
		{DA70C778-36AC-4EDA-9C4D-E7E7B9256F10}.Debug|Any CPU.ActiveCfg = Debug|Any CPU
		{DA70C778-36AC-4EDA-9C4D-E7E7B9256F10}.Debug|Any CPU.Build.0 = Debug|Any CPU
		{DA70C778-36AC-4EDA-9C4D-E7E7B9256F10}.Release|Any CPU.ActiveCfg = Release|Any CPU
		{DA70C778-36AC-4EDA-9C4D-E7E7B9256F10}.Release|Any CPU.Build.0 = Release|Any CPU
		{E46B532A-79AD-4421-8274-BAA798F8C5B3}.Debug|Any CPU.ActiveCfg = Debug|Any CPU
		{E46B532A-79AD-4421-8274-BAA798F8C5B3}.Debug|Any CPU.Build.0 = Debug|Any CPU
		{E46B532A-79AD-4421-8274-BAA798F8C5B3}.Release|Any CPU.ActiveCfg = Release|Any CPU
		{E46B532A-79AD-4421-8274-BAA798F8C5B3}.Release|Any CPU.Build.0 = Release|Any CPU
		{6438C5F2-9DC2-43B4-8FCB-A0D528FF54D2}.Debug|Any CPU.ActiveCfg = Debug|Any CPU
		{6438C5F2-9DC2-43B4-8FCB-A0D528FF54D2}.Debug|Any CPU.Build.0 = Debug|Any CPU
		{6438C5F2-9DC2-43B4-8FCB-A0D528FF54D2}.Release|Any CPU.ActiveCfg = Release|Any CPU
		{6438C5F2-9DC2-43B4-8FCB-A0D528FF54D2}.Release|Any CPU.Build.0 = Release|Any CPU
		{EFA692DD-D56F-4D85-95C7-7AD368AAF36A}.Debug|Any CPU.ActiveCfg = Debug|Any CPU
		{EFA692DD-D56F-4D85-95C7-7AD368AAF36A}.Debug|Any CPU.Build.0 = Debug|Any CPU
		{EFA692DD-D56F-4D85-95C7-7AD368AAF36A}.Release|Any CPU.ActiveCfg = Release|Any CPU
		{EFA692DD-D56F-4D85-95C7-7AD368AAF36A}.Release|Any CPU.Build.0 = Release|Any CPU
		{E975B88A-90AB-4392-882E-E2C17486C651}.Debug|Any CPU.ActiveCfg = Debug|Any CPU
		{E975B88A-90AB-4392-882E-E2C17486C651}.Debug|Any CPU.Build.0 = Debug|Any CPU
		{E975B88A-90AB-4392-882E-E2C17486C651}.Release|Any CPU.ActiveCfg = Release|Any CPU
		{E975B88A-90AB-4392-882E-E2C17486C651}.Release|Any CPU.Build.0 = Release|Any CPU
		{7D927124-2593-4631-B839-3ACC25F6044B}.Debug|Any CPU.ActiveCfg = Debug|Any CPU
		{7D927124-2593-4631-B839-3ACC25F6044B}.Debug|Any CPU.Build.0 = Debug|Any CPU
		{7D927124-2593-4631-B839-3ACC25F6044B}.Release|Any CPU.ActiveCfg = Release|Any CPU
		{7D927124-2593-4631-B839-3ACC25F6044B}.Release|Any CPU.Build.0 = Release|Any CPU
		{FCD5706E-40A6-43A8-817E-8AFEBB1400FF}.Debug|Any CPU.ActiveCfg = Debug|Any CPU
		{FCD5706E-40A6-43A8-817E-8AFEBB1400FF}.Debug|Any CPU.Build.0 = Debug|Any CPU
		{FCD5706E-40A6-43A8-817E-8AFEBB1400FF}.Release|Any CPU.ActiveCfg = Release|Any CPU
		{FCD5706E-40A6-43A8-817E-8AFEBB1400FF}.Release|Any CPU.Build.0 = Release|Any CPU
		{021B9D0C-8E70-4B4E-BFD1-2301450355B9}.Debug|Any CPU.ActiveCfg = Debug|Any CPU
		{021B9D0C-8E70-4B4E-BFD1-2301450355B9}.Debug|Any CPU.Build.0 = Debug|Any CPU
		{021B9D0C-8E70-4B4E-BFD1-2301450355B9}.Release|Any CPU.ActiveCfg = Release|Any CPU
		{021B9D0C-8E70-4B4E-BFD1-2301450355B9}.Release|Any CPU.Build.0 = Release|Any CPU
		{FB30D273-5F6B-48C3-9764-3A97B34BA34A}.Debug|Any CPU.ActiveCfg = Debug|Any CPU
		{FB30D273-5F6B-48C3-9764-3A97B34BA34A}.Debug|Any CPU.Build.0 = Debug|Any CPU
		{FB30D273-5F6B-48C3-9764-3A97B34BA34A}.Release|Any CPU.ActiveCfg = Release|Any CPU
		{FB30D273-5F6B-48C3-9764-3A97B34BA34A}.Release|Any CPU.Build.0 = Release|Any CPU
		{C4E97A27-F576-4C84-98FE-AE146A5405D5}.Debug|Any CPU.ActiveCfg = Debug|Any CPU
		{C4E97A27-F576-4C84-98FE-AE146A5405D5}.Debug|Any CPU.Build.0 = Debug|Any CPU
		{C4E97A27-F576-4C84-98FE-AE146A5405D5}.Release|Any CPU.ActiveCfg = Release|Any CPU
		{C4E97A27-F576-4C84-98FE-AE146A5405D5}.Release|Any CPU.Build.0 = Release|Any CPU
		{A8DF95C9-09CE-440F-87D0-7CDF6E85D7C5}.Debug|Any CPU.ActiveCfg = Debug|Any CPU
		{A8DF95C9-09CE-440F-87D0-7CDF6E85D7C5}.Debug|Any CPU.Build.0 = Debug|Any CPU
		{A8DF95C9-09CE-440F-87D0-7CDF6E85D7C5}.Release|Any CPU.ActiveCfg = Release|Any CPU
		{A8DF95C9-09CE-440F-87D0-7CDF6E85D7C5}.Release|Any CPU.Build.0 = Release|Any CPU
		{FEB0E972-67DA-4BCE-8595-0E8F20F794B5}.Debug|Any CPU.ActiveCfg = Debug|Any CPU
		{FEB0E972-67DA-4BCE-8595-0E8F20F794B5}.Debug|Any CPU.Build.0 = Debug|Any CPU
		{FEB0E972-67DA-4BCE-8595-0E8F20F794B5}.Release|Any CPU.ActiveCfg = Release|Any CPU
		{FEB0E972-67DA-4BCE-8595-0E8F20F794B5}.Release|Any CPU.Build.0 = Release|Any CPU
		{A8AB828C-6799-48A3-AD44-C5EB89825903}.Debug|Any CPU.ActiveCfg = Debug|Any CPU
		{A8AB828C-6799-48A3-AD44-C5EB89825903}.Debug|Any CPU.Build.0 = Debug|Any CPU
		{A8AB828C-6799-48A3-AD44-C5EB89825903}.Release|Any CPU.ActiveCfg = Release|Any CPU
		{A8AB828C-6799-48A3-AD44-C5EB89825903}.Release|Any CPU.Build.0 = Release|Any CPU
		{50E8AC2D-F488-463F-A692-9FC8EA9FEE49}.Debug|Any CPU.ActiveCfg = Debug|Any CPU
		{50E8AC2D-F488-463F-A692-9FC8EA9FEE49}.Debug|Any CPU.Build.0 = Debug|Any CPU
		{50E8AC2D-F488-463F-A692-9FC8EA9FEE49}.Release|Any CPU.ActiveCfg = Release|Any CPU
		{50E8AC2D-F488-463F-A692-9FC8EA9FEE49}.Release|Any CPU.Build.0 = Release|Any CPU
		{A44175BB-9748-4483-8CEF-1F92472AAD55}.Debug|Any CPU.ActiveCfg = Debug|Any CPU
		{A44175BB-9748-4483-8CEF-1F92472AAD55}.Debug|Any CPU.Build.0 = Debug|Any CPU
		{A44175BB-9748-4483-8CEF-1F92472AAD55}.Release|Any CPU.ActiveCfg = Release|Any CPU
		{A44175BB-9748-4483-8CEF-1F92472AAD55}.Release|Any CPU.Build.0 = Release|Any CPU
	EndGlobalSection
	GlobalSection(SolutionProperties) = preSolution
		HideSolutionNode = FALSE
	EndGlobalSection
EndGlobal
